
Microsoft Visual Studio Solution File, Format Version 12.00
# Visual Studio Version 16
VisualStudioVersion = 16.0.35425.106
MinimumVisualStudioVersion = 10.0.40219.1
Project("{FAE04EC0-301F-11D3-BF4B-00C04F79EFBC}") = "Kalkulator", "Kalkulator.csproj", "{CCC772FD-9F5F-43CD-8472-0B06F2C4AFA4}"
EndProject
Global
	GlobalSection(SolutionConfigurationPlatforms) = preSolution
		Debug|Any CPU = Debug|Any CPU
		Release|Any CPU = Release|Any CPU
	EndGlobalSection
	GlobalSection(ProjectConfigurationPlatforms) = postSolution
		{CCC772FD-9F5F-43CD-8472-0B06F2C4AFA4}.Debug|Any CPU.ActiveCfg = Debug|Any CPU
		{CCC772FD-9F5F-43CD-8472-0B06F2C4AFA4}.Debug|Any CPU.Build.0 = Debug|Any CPU
		{CCC772FD-9F5F-43CD-8472-0B06F2C4AFA4}.Release|Any CPU.ActiveCfg = Release|Any CPU
		{CCC772FD-9F5F-43CD-8472-0B06F2C4AFA4}.Release|Any CPU.Build.0 = Release|Any CPU
	EndGlobalSection
	GlobalSection(SolutionProperties) = preSolution
		HideSolutionNode = FALSE
	EndGlobalSection
	GlobalSection(ExtensibilityGlobals) = postSolution
		SolutionGuid = {1943F052-5B1E-4AC0-8563-F40F7630BF83}
	EndGlobalSection
EndGlobal
